
Microsoft Visual Studio Solution File, Format Version 12.00
# Visual Studio Version 17
VisualStudioVersion = 17.0.31912.275
MinimumVisualStudioVersion = 10.0.40219.1
Project("{9A19103F-16F7-4668-BE54-9A1E7A4F7556}") = "MyKitchen", "MyKitchen\MyKitchen.csproj", "{EFEC2DE8-DFC2-4BB6-94D6-D7BB8E3AC2C5}"
EndProject
Project("{9A19103F-16F7-4668-BE54-9A1E7A4F7556}") = "MyKitchen.Tests", "MyKitchen.Tests\MyKitchen.Tests.csproj", "{CE8C2234-7244-488E-BD3B-5D430773A968}"
EndProject
Project("{2150E333-8FDC-42A3-9474-1A3956D46DE8}") = "Solution Items", "Solution Items", "{59E2B25D-06BD-4829-AD6A-3C6499ADD450}"
	ProjectSection(SolutionItems) = preProject
		README.md = README.md
	EndProjectSection
EndProject
Project("{9A19103F-16F7-4668-BE54-9A1E7A4F7556}") = "MyKitchen.WarmUp", "MyKitchen.WarmUp\MyKitchen.WarmUp.csproj", "{99568B60-18F9-48CF-9346-9139EBE8D861}"
EndProject
Project("{9A19103F-16F7-4668-BE54-9A1E7A4F7556}") = "MyKitchen.Tests.Shared", "MyKitchen.Tests.Shared\MyKitchen.Tests.Shared.csproj", "{D924F0DC-8FF3-4A15-803A-2FF44C393429}"
EndProject
Project("{9A19103F-16F7-4668-BE54-9A1E7A4F7556}") = "MyKitchen.KeepAlive", "MyKitchen.KeepAlive\MyKitchen.KeepAlive.csproj", "{CECFCB0A-19C4-4407-BED6-8AE1F304D7DE}"
EndProject
Project("{2150E333-8FDC-42A3-9474-1A3956D46DE8}") = "Build", "Build", "{98A23980-14FE-460F-8C61-C22339848925}"
	ProjectSection(SolutionItems) = preProject
		azure-pipelines.yml = azure-pipelines.yml
	EndProjectSection
EndProject
Project("{2150E333-8FDC-42A3-9474-1A3956D46DE8}") = "Testing", "Testing", "{2F2B6A75-43B6-4232-A60B-0DF9C080218A}"
EndProject
Project("{2150E333-8FDC-42A3-9474-1A3956D46DE8}") = "Warmup", "Warmup", "{97760E6F-8A43-4BAB-BE21-CE184FB6FCB5}"
EndProject
Project("{9A19103F-16F7-4668-BE54-9A1E7A4F7556}") = "MyKitchen.Warmup.ConsoleRunner", "MyKitchen.Warmup.ConsoleRunner\MyKitchen.Warmup.ConsoleRunner.csproj", "{2A693052-2638-43FF-8226-520EAE5DDE47}"
EndProject
Global
	GlobalSection(SolutionConfigurationPlatforms) = preSolution
		Debug|Any CPU = Debug|Any CPU
		Release|Any CPU = Release|Any CPU
	EndGlobalSection
	GlobalSection(ProjectConfigurationPlatforms) = postSolution
		{EFEC2DE8-DFC2-4BB6-94D6-D7BB8E3AC2C5}.Debug|Any CPU.ActiveCfg = Debug|Any CPU
		{EFEC2DE8-DFC2-4BB6-94D6-D7BB8E3AC2C5}.Debug|Any CPU.Build.0 = Debug|Any CPU
		{EFEC2DE8-DFC2-4BB6-94D6-D7BB8E3AC2C5}.Release|Any CPU.ActiveCfg = Release|Any CPU
		{EFEC2DE8-DFC2-4BB6-94D6-D7BB8E3AC2C5}.Release|Any CPU.Build.0 = Release|Any CPU
		{CE8C2234-7244-488E-BD3B-5D430773A968}.Debug|Any CPU.ActiveCfg = Debug|Any CPU
		{CE8C2234-7244-488E-BD3B-5D430773A968}.Debug|Any CPU.Build.0 = Debug|Any CPU
		{CE8C2234-7244-488E-BD3B-5D430773A968}.Release|Any CPU.ActiveCfg = Release|Any CPU
		{CE8C2234-7244-488E-BD3B-5D430773A968}.Release|Any CPU.Build.0 = Release|Any CPU
		{99568B60-18F9-48CF-9346-9139EBE8D861}.Debug|Any CPU.ActiveCfg = Debug|Any CPU
		{99568B60-18F9-48CF-9346-9139EBE8D861}.Debug|Any CPU.Build.0 = Debug|Any CPU
		{99568B60-18F9-48CF-9346-9139EBE8D861}.Release|Any CPU.ActiveCfg = Release|Any CPU
		{99568B60-18F9-48CF-9346-9139EBE8D861}.Release|Any CPU.Build.0 = Release|Any CPU
		{D924F0DC-8FF3-4A15-803A-2FF44C393429}.Debug|Any CPU.ActiveCfg = Debug|Any CPU
		{D924F0DC-8FF3-4A15-803A-2FF44C393429}.Debug|Any CPU.Build.0 = Debug|Any CPU
		{D924F0DC-8FF3-4A15-803A-2FF44C393429}.Release|Any CPU.ActiveCfg = Release|Any CPU
		{D924F0DC-8FF3-4A15-803A-2FF44C393429}.Release|Any CPU.Build.0 = Release|Any CPU
		{CECFCB0A-19C4-4407-BED6-8AE1F304D7DE}.Debug|Any CPU.ActiveCfg = Debug|Any CPU
		{CECFCB0A-19C4-4407-BED6-8AE1F304D7DE}.Debug|Any CPU.Build.0 = Debug|Any CPU
		{CECFCB0A-19C4-4407-BED6-8AE1F304D7DE}.Release|Any CPU.ActiveCfg = Release|Any CPU
		{CECFCB0A-19C4-4407-BED6-8AE1F304D7DE}.Release|Any CPU.Build.0 = Release|Any CPU
		{2A693052-2638-43FF-8226-520EAE5DDE47}.Debug|Any CPU.ActiveCfg = Debug|Any CPU
		{2A693052-2638-43FF-8226-520EAE5DDE47}.Debug|Any CPU.Build.0 = Debug|Any CPU
		{2A693052-2638-43FF-8226-520EAE5DDE47}.Release|Any CPU.ActiveCfg = Release|Any CPU
		{2A693052-2638-43FF-8226-520EAE5DDE47}.Release|Any CPU.Build.0 = Release|Any CPU
	EndGlobalSection
	GlobalSection(SolutionProperties) = preSolution
		HideSolutionNode = FALSE
	EndGlobalSection
	GlobalSection(NestedProjects) = preSolution
		{CE8C2234-7244-488E-BD3B-5D430773A968} = {2F2B6A75-43B6-4232-A60B-0DF9C080218A}
		{99568B60-18F9-48CF-9346-9139EBE8D861} = {97760E6F-8A43-4BAB-BE21-CE184FB6FCB5}
		{D924F0DC-8FF3-4A15-803A-2FF44C393429} = {2F2B6A75-43B6-4232-A60B-0DF9C080218A}
		{CECFCB0A-19C4-4407-BED6-8AE1F304D7DE} = {97760E6F-8A43-4BAB-BE21-CE184FB6FCB5}
		{98A23980-14FE-460F-8C61-C22339848925} = {59E2B25D-06BD-4829-AD6A-3C6499ADD450}
		{2A693052-2638-43FF-8226-520EAE5DDE47} = {97760E6F-8A43-4BAB-BE21-CE184FB6FCB5}
	EndGlobalSection
	GlobalSection(ExtensibilityGlobals) = postSolution
		SolutionGuid = {A9587987-2ABE-4B82-BF8A-4AFAA4809C60}
	EndGlobalSection
EndGlobal
