
Microsoft Visual Studio Solution File, Format Version 12.00
# Visual Studio Version 16
VisualStudioVersion = 16.0.28621.142
MinimumVisualStudioVersion = 10.0.40219.1
Project("{9A19103F-16F7-4668-BE54-9A1E7A4F7556}") = "MyKitchen", "MyKitchen\MyKitchen.csproj", "{EFEC2DE8-DFC2-4BB6-94D6-D7BB8E3AC2C5}"
EndProject
Project("{9A19103F-16F7-4668-BE54-9A1E7A4F7556}") = "WebEssentials.AspNetCore.Pwa", "MyKitchen\Dependencies\WebEssentials.AspNetCore.Pwa.csproj", "{3D01BEFB-8CCA-455B-8D68-3F3F950C17F2}"
EndProject
Global
	GlobalSection(SolutionConfigurationPlatforms) = preSolution
		Debug|Any CPU = Debug|Any CPU
		Release|Any CPU = Release|Any CPU
	EndGlobalSection
	GlobalSection(ProjectConfigurationPlatforms) = postSolution
		{EFEC2DE8-DFC2-4BB6-94D6-D7BB8E3AC2C5}.Debug|Any CPU.ActiveCfg = Debug|Any CPU
		{EFEC2DE8-DFC2-4BB6-94D6-D7BB8E3AC2C5}.Debug|Any CPU.Build.0 = Debug|Any CPU
		{EFEC2DE8-DFC2-4BB6-94D6-D7BB8E3AC2C5}.Release|Any CPU.ActiveCfg = Release|Any CPU
		{EFEC2DE8-DFC2-4BB6-94D6-D7BB8E3AC2C5}.Release|Any CPU.Build.0 = Release|Any CPU
		{3D01BEFB-8CCA-455B-8D68-3F3F950C17F2}.Debug|Any CPU.ActiveCfg = Debug|Any CPU
		{3D01BEFB-8CCA-455B-8D68-3F3F950C17F2}.Debug|Any CPU.Build.0 = Debug|Any CPU
		{3D01BEFB-8CCA-455B-8D68-3F3F950C17F2}.Release|Any CPU.ActiveCfg = Release|Any CPU
		{3D01BEFB-8CCA-455B-8D68-3F3F950C17F2}.Release|Any CPU.Build.0 = Release|Any CPU
	EndGlobalSection
	GlobalSection(SolutionProperties) = preSolution
		HideSolutionNode = FALSE
	EndGlobalSection
	GlobalSection(ExtensibilityGlobals) = postSolution
		SolutionGuid = {A9587987-2ABE-4B82-BF8A-4AFAA4809C60}
	EndGlobalSection
EndGlobal
